// !$*UTF8*$!
{
	archiveVersion = 1;
	classes = {
	};
	objectVersion = 50;
	objects = {

/* Begin PBXBuildFile section */
		8760C9BB209DB91300A601BD /* AppCategory.swift in Sources */ = {isa = PBXBuildFile; fileRef = 8760C9BA209DB91300A601BD /* AppCategory.swift */; };
		8760C9BD209DB92000A601BD /* App.swift in Sources */ = {isa = PBXBuildFile; fileRef = 8760C9BC209DB92000A601BD /* App.swift */; };
		87DC22E2209A1D44007D33FB /* AppDelegate.swift in Sources */ = {isa = PBXBuildFile; fileRef = 87DC22E1209A1D44007D33FB /* AppDelegate.swift */; };
		87DC22E4209A1D44007D33FB /* FeaturedAppsController.swift in Sources */ = {isa = PBXBuildFile; fileRef = 87DC22E3209A1D44007D33FB /* FeaturedAppsController.swift */; };
		87DC22E7209A1D44007D33FB /* Main.storyboard in Resources */ = {isa = PBXBuildFile; fileRef = 87DC22E5209A1D44007D33FB /* Main.storyboard */; };
		87DC22E9209A1D47007D33FB /* Assets.xcassets in Resources */ = {isa = PBXBuildFile; fileRef = 87DC22E8209A1D47007D33FB /* Assets.xcassets */; };
		87DC22EC209A1D47007D33FB /* LaunchScreen.storyboard in Resources */ = {isa = PBXBuildFile; fileRef = 87DC22EA209A1D47007D33FB /* LaunchScreen.storyboard */; };
		87DC22F6209A2120007D33FB /* CategoryCell.swift in Sources */ = {isa = PBXBuildFile; fileRef = 87DC22F5209A2120007D33FB /* CategoryCell.swift */; };
		87DC22F8209A2977007D33FB /* AppCell.swift in Sources */ = {isa = PBXBuildFile; fileRef = 87DC22F7209A2977007D33FB /* AppCell.swift */; };
/* End PBXBuildFile section */

/* Begin PBXFileReference section */
		8760C9BA209DB91300A601BD /* AppCategory.swift */ = {isa = PBXFileReference; lastKnownFileType = sourcecode.swift; path = AppCategory.swift; sourceTree = "<group>"; };
		8760C9BC209DB92000A601BD /* App.swift */ = {isa = PBXFileReference; lastKnownFileType = sourcecode.swift; path = App.swift; sourceTree = "<group>"; };
		87DC22DE209A1D44007D33FB /* OldAppStore.app */ = {isa = PBXFileReference; explicitFileType = wrapper.application; includeInIndex = 0; path = OldAppStore.app; sourceTree = BUILT_PRODUCTS_DIR; };
		87DC22E1209A1D44007D33FB /* AppDelegate.swift */ = {isa = PBXFileReference; lastKnownFileType = sourcecode.swift; path = AppDelegate.swift; sourceTree = "<group>"; };
		87DC22E3209A1D44007D33FB /* FeaturedAppsController.swift */ = {isa = PBXFileReference; lastKnownFileType = sourcecode.swift; path = FeaturedAppsController.swift; sourceTree = "<group>"; };
		87DC22E6209A1D44007D33FB /* Base */ = {isa = PBXFileReference; lastKnownFileType = file.storyboard; name = Base; path = Base.lproj/Main.storyboard; sourceTree = "<group>"; };
		87DC22E8209A1D47007D33FB /* Assets.xcassets */ = {isa = PBXFileReference; lastKnownFileType = folder.assetcatalog; path = Assets.xcassets; sourceTree = "<group>"; };
		87DC22EB209A1D47007D33FB /* Base */ = {isa = PBXFileReference; lastKnownFileType = file.storyboard; name = Base; path = Base.lproj/LaunchScreen.storyboard; sourceTree = "<group>"; };
		87DC22ED209A1D47007D33FB /* Info.plist */ = {isa = PBXFileReference; lastKnownFileType = text.plist.xml; path = Info.plist; sourceTree = "<group>"; };
		87DC22F5209A2120007D33FB /* CategoryCell.swift */ = {isa = PBXFileReference; lastKnownFileType = sourcecode.swift; path = CategoryCell.swift; sourceTree = "<group>"; };
		87DC22F7209A2977007D33FB /* AppCell.swift */ = {isa = PBXFileReference; lastKnownFileType = sourcecode.swift; path = AppCell.swift; sourceTree = "<group>"; };
/* End PBXFileReference section */

/* Begin PBXFrameworksBuildPhase section */
		87DC22DB209A1D44007D33FB /* Frameworks */ = {
			isa = PBXFrameworksBuildPhase;
			buildActionMask = 2147483647;
			files = (
			);
			runOnlyForDeploymentPostprocessing = 0;
		};
/* End PBXFrameworksBuildPhase section */

/* Begin PBXGroup section */
		8760C9B9209DB8F400A601BD /* Models */ = {
			isa = PBXGroup;
			children = (
				8760C9BA209DB91300A601BD /* AppCategory.swift */,
				8760C9BC209DB92000A601BD /* App.swift */,
			);
			path = Models;
			sourceTree = "<group>";
		};
		87DC22D5209A1D44007D33FB = {
			isa = PBXGroup;
			children = (
				87DC22E0209A1D44007D33FB /* OldAppStore */,
				87DC22DF209A1D44007D33FB /* Products */,
			);
			sourceTree = "<group>";
		};
		87DC22DF209A1D44007D33FB /* Products */ = {
			isa = PBXGroup;
			children = (
				87DC22DE209A1D44007D33FB /* OldAppStore.app */,
			);
			name = Products;
			sourceTree = "<group>";
		};
		87DC22E0209A1D44007D33FB /* OldAppStore */ = {
			isa = PBXGroup;
			children = (
				8760C9B9209DB8F400A601BD /* Models */,
				87DC22F4209A2105007D33FB /* Views */,
				87DC22F3209A20FC007D33FB /* ViewControllers */,
				87DC22E1209A1D44007D33FB /* AppDelegate.swift */,
				87DC22E5209A1D44007D33FB /* Main.storyboard */,
				87DC22E8209A1D47007D33FB /* Assets.xcassets */,
				87DC22EA209A1D47007D33FB /* LaunchScreen.storyboard */,
				87DC22ED209A1D47007D33FB /* Info.plist */,
			);
			path = OldAppStore;
			sourceTree = "<group>";
		};
		87DC22F3209A20FC007D33FB /* ViewControllers */ = {
			isa = PBXGroup;
			children = (
				87DC22E3209A1D44007D33FB /* FeaturedAppsController.swift */,
			);
			path = ViewControllers;
			sourceTree = "<group>";
		};
		87DC22F4209A2105007D33FB /* Views */ = {
			isa = PBXGroup;
			children = (
				87DC22F5209A2120007D33FB /* CategoryCell.swift */,
				87DC22F7209A2977007D33FB /* AppCell.swift */,
			);
			path = Views;
			sourceTree = "<group>";
		};
/* End PBXGroup section */

/* Begin PBXNativeTarget section */
		87DC22DD209A1D44007D33FB /* OldAppStore */ = {
			isa = PBXNativeTarget;
			buildConfigurationList = 87DC22F0209A1D47007D33FB /* Build configuration list for PBXNativeTarget "OldAppStore" */;
			buildPhases = (
				87DC22DA209A1D44007D33FB /* Sources */,
				87DC22DB209A1D44007D33FB /* Frameworks */,
				87DC22DC209A1D44007D33FB /* Resources */,
			);
			buildRules = (
			);
			dependencies = (
			);
			name = OldAppStore;
			productName = OldAppStore;
			productReference = 87DC22DE209A1D44007D33FB /* OldAppStore.app */;
			productType = "com.apple.product-type.application";
		};
/* End PBXNativeTarget section */

/* Begin PBXProject section */
		87DC22D6209A1D44007D33FB /* Project object */ = {
			isa = PBXProject;
			attributes = {
				LastSwiftUpdateCheck = 0930;
				LastUpgradeCheck = 0930;
				ORGANIZATIONNAME = "Ruslan Akberov";
				TargetAttributes = {
					87DC22DD209A1D44007D33FB = {
						CreatedOnToolsVersion = 9.3;
					};
				};
			};
			buildConfigurationList = 87DC22D9209A1D44007D33FB /* Build configuration list for PBXProject "OldAppStore" */;
			compatibilityVersion = "Xcode 9.3";
			developmentRegion = en;
			hasScannedForEncodings = 0;
			knownRegions = (
				en,
				Base,
			);
			mainGroup = 87DC22D5209A1D44007D33FB;
			productRefGroup = 87DC22DF209A1D44007D33FB /* Products */;
			projectDirPath = "";
			projectRoot = "";
			targets = (
				87DC22DD209A1D44007D33FB /* OldAppStore */,
			);
		};
/* End PBXProject section */

/* Begin PBXResourcesBuildPhase section */
		87DC22DC209A1D44007D33FB /* Resources */ = {
			isa = PBXResourcesBuildPhase;
			buildActionMask = 2147483647;
			files = (
				87DC22EC209A1D47007D33FB /* LaunchScreen.storyboard in Resources */,
				87DC22E9209A1D47007D33FB /* Assets.xcassets in Resources */,
				87DC22E7209A1D44007D33FB /* Main.storyboard in Resources */,
			);
			runOnlyForDeploymentPostprocessing = 0;
		};
/* End PBXResourcesBuildPhase section */

/* Begin PBXSourcesBuildPhase section */
		87DC22DA209A1D44007D33FB /* Sources */ = {
			isa = PBXSourcesBuildPhase;
			buildActionMask = 2147483647;
			files = (
				87DC22E4209A1D44007D33FB /* FeaturedAppsController.swift in Sources */,
				8760C9BB209DB91300A601BD /* AppCategory.swift in Sources */,
				87DC22F8209A2977007D33FB /* AppCell.swift in Sources */,
				8760C9BD209DB92000A601BD /* App.swift in Sources */,
				87DC22E2209A1D44007D33FB /* AppDelegate.swift in Sources */,
				87DC22F6209A2120007D33FB /* CategoryCell.swift in Sources */,
			);
			runOnlyForDeploymentPostprocessing = 0;
		};
/* End PBXSourcesBuildPhase section */

/* Begin PBXVariantGroup section */
		87DC22E5209A1D44007D33FB /* Main.storyboard */ = {
			isa = PBXVariantGroup;
			children = (
				87DC22E6209A1D44007D33FB /* Base */,
			);
			name = Main.storyboard;
			sourceTree = "<group>";
		};
		87DC22EA209A1D47007D33FB /* LaunchScreen.storyboard */ = {
			isa = PBXVariantGroup;
			children = (
				87DC22EB209A1D47007D33FB /* Base */,
			);
			name = LaunchScreen.storyboard;
			sourceTree = "<group>";
		};
/* End PBXVariantGroup section */

/* Begin XCBuildConfiguration section */
		87DC22EE209A1D47007D33FB /* Debug */ = {
			isa = XCBuildConfiguration;
			buildSettings = {
				ALWAYS_SEARCH_USER_PATHS = NO;
				CLANG_ANALYZER_NONNULL = YES;
				CLANG_ANALYZER_NUMBER_OBJECT_CONVERSION = YES_AGGRESSIVE;
				CLANG_CXX_LANGUAGE_STANDARD = "gnu++14";
				CLANG_CXX_LIBRARY = "libc++";
				CLANG_ENABLE_MODULES = YES;
				CLANG_ENABLE_OBJC_ARC = YES;
				CLANG_ENABLE_OBJC_WEAK = YES;
				CLANG_WARN_BLOCK_CAPTURE_AUTORELEASING = YES;
				CLANG_WARN_BOOL_CONVERSION = YES;
				CLANG_WARN_COMMA = YES;
				CLANG_WARN_CONSTANT_CONVERSION = YES;
				CLANG_WARN_DEPRECATED_OBJC_IMPLEMENTATIONS = YES;
				CLANG_WARN_DIRECT_OBJC_ISA_USAGE = YES_ERROR;
				CLANG_WARN_DOCUMENTATION_COMMENTS = YES;
				CLANG_WARN_EMPTY_BODY = YES;
				CLANG_WARN_ENUM_CONVERSION = YES;
				CLANG_WARN_INFINITE_RECURSION = YES;
				CLANG_WARN_INT_CONVERSION = YES;
				CLANG_WARN_NON_LITERAL_NULL_CONVERSION = YES;
				CLANG_WARN_OBJC_IMPLICIT_RETAIN_SELF = YES;
				CLANG_WARN_OBJC_LITERAL_CONVERSION = YES;
				CLANG_WARN_OBJC_ROOT_CLASS = YES_ERROR;
				CLANG_WARN_RANGE_LOOP_ANALYSIS = YES;
				CLANG_WARN_STRICT_PROTOTYPES = YES;
				CLANG_WARN_SUSPICIOUS_MOVE = YES;
				CLANG_WARN_UNGUARDED_AVAILABILITY = YES_AGGRESSIVE;
				CLANG_WARN_UNREACHABLE_CODE = YES;
				CLANG_WARN__DUPLICATE_METHOD_MATCH = YES;
				CODE_SIGN_IDENTITY = "iPhone Developer";
				COPY_PHASE_STRIP = NO;
				DEBUG_INFORMATION_FORMAT = dwarf;
				ENABLE_STRICT_OBJC_MSGSEND = YES;
				ENABLE_TESTABILITY = YES;
				GCC_C_LANGUAGE_STANDARD = gnu11;
				GCC_DYNAMIC_NO_PIC = NO;
				GCC_NO_COMMON_BLOCKS = YES;
				GCC_OPTIMIZATION_LEVEL = 0;
				GCC_PREPROCESSOR_DEFINITIONS = (
					"DEBUG=1",
					"$(inherited)",
				);
				GCC_WARN_64_TO_32_BIT_CONVERSION = YES;
				GCC_WARN_ABOUT_RETURN_TYPE = YES_ERROR;
				GCC_WARN_UNDECLARED_SELECTOR = YES;
				GCC_WARN_UNINITIALIZED_AUTOS = YES_AGGRESSIVE;
				GCC_WARN_UNUSED_FUNCTION = YES;
				GCC_WARN_UNUSED_VARIABLE = YES;
				IPHONEOS_DEPLOYMENT_TARGET = 11.3;
				MTL_ENABLE_DEBUG_INFO = YES;
				ONLY_ACTIVE_ARCH = YES;
				SDKROOT = iphoneos;
				SWIFT_ACTIVE_COMPILATION_CONDITIONS = DEBUG;
				SWIFT_OPTIMIZATION_LEVEL = "-Onone";
			};
			name = Debug;
		};
		87DC22EF209A1D47007D33FB /* Release */ = {
			isa = XCBuildConfiguration;
			buildSettings = {
				ALWAYS_SEARCH_USER_PATHS = NO;
				CLANG_ANALYZER_NONNULL = YES;
				CLANG_ANALYZER_NUMBER_OBJECT_CONVERSION = YES_AGGRESSIVE;
				CLANG_CXX_LANGUAGE_STANDARD = "gnu++14";
				CLANG_CXX_LIBRARY = "libc++";
				CLANG_ENABLE_MODULES = YES;
				CLANG_ENABLE_OBJC_ARC = YES;
				CLANG_ENABLE_OBJC_WEAK = YES;
				CLANG_WARN_BLOCK_CAPTURE_AUTORELEASING = YES;
				CLANG_WARN_BOOL_CONVERSION = YES;
				CLANG_WARN_COMMA = YES;
				CLANG_WARN_CONSTANT_CONVERSION = YES;
				CLANG_WARN_DEPRECATED_OBJC_IMPLEMENTATIONS = YES;
				CLANG_WARN_DIRECT_OBJC_ISA_USAGE = YES_ERROR;
				CLANG_WARN_DOCUMENTATION_COMMENTS = YES;
				CLANG_WARN_EMPTY_BODY = YES;
				CLANG_WARN_ENUM_CONVERSION = YES;
				CLANG_WARN_INFINITE_RECURSION = YES;
				CLANG_WARN_INT_CONVERSION = YES;
				CLANG_WARN_NON_LITERAL_NULL_CONVERSION = YES;
				CLANG_WARN_OBJC_IMPLICIT_RETAIN_SELF = YES;
				CLANG_WARN_OBJC_LITERAL_CONVERSION = YES;
				CLANG_WARN_OBJC_ROOT_CLASS = YES_ERROR;
				CLANG_WARN_RANGE_LOOP_ANALYSIS = YES;
				CLANG_WARN_STRICT_PROTOTYPES = YES;
				CLANG_WARN_SUSPICIOUS_MOVE = YES;
				CLANG_WARN_UNGUARDED_AVAILABILITY = YES_AGGRESSIVE;
				CLANG_WARN_UNREACHABLE_CODE = YES;
				CLANG_WARN__DUPLICATE_METHOD_MATCH = YES;
				CODE_SIGN_IDENTITY = "iPhone Developer";
				COPY_PHASE_STRIP = NO;
				DEBUG_INFORMATION_FORMAT = "dwarf-with-dsym";
				ENABLE_NS_ASSERTIONS = NO;
				ENABLE_STRICT_OBJC_MSGSEND = YES;
				GCC_C_LANGUAGE_STANDARD = gnu11;
				GCC_NO_COMMON_BLOCKS = YES;
				GCC_WARN_64_TO_32_BIT_CONVERSION = YES;
				GCC_WARN_ABOUT_RETURN_TYPE = YES_ERROR;
				GCC_WARN_UNDECLARED_SELECTOR = YES;
				GCC_WARN_UNINITIALIZED_AUTOS = YES_AGGRESSIVE;
				GCC_WARN_UNUSED_FUNCTION = YES;
				GCC_WARN_UNUSED_VARIABLE = YES;
				IPHONEOS_DEPLOYMENT_TARGET = 11.3;
				MTL_ENABLE_DEBUG_INFO = NO;
				SDKROOT = iphoneos;
				SWIFT_COMPILATION_MODE = wholemodule;
				SWIFT_OPTIMIZATION_LEVEL = "-O";
				VALIDATE_PRODUCT = YES;
			};
			name = Release;
		};
		87DC22F1209A1D47007D33FB /* Debug */ = {
			isa = XCBuildConfiguration;
			buildSettings = {
				ASSETCATALOG_COMPILER_APPICON_NAME = AppIcon;
				CODE_SIGN_STYLE = Automatic;
				DEVELOPMENT_TEAM = JMYF9P9VY4;
				INFOPLIST_FILE = OldAppStore/Info.plist;
				LD_RUNPATH_SEARCH_PATHS = (
					"$(inherited)",
					"@executable_path/Frameworks",
				);
				PRODUCT_BUNDLE_IDENTIFIER = com.akberovapps.OldAppStore;
				PRODUCT_NAME = "$(TARGET_NAME)";
				SWIFT_VERSION = 4.0;
				TARGETED_DEVICE_FAMILY = "1,2";
			};
			name = Debug;
		};
		87DC22F2209A1D47007D33FB /* Release */ = {
			isa = XCBuildConfiguration;
			buildSettings = {
				ASSETCATALOG_COMPILER_APPICON_NAME = AppIcon;
				CODE_SIGN_STYLE = Automatic;
				DEVELOPMENT_TEAM = JMYF9P9VY4;
				INFOPLIST_FILE = OldAppStore/Info.plist;
				LD_RUNPATH_SEARCH_PATHS = (
					"$(inherited)",
					"@executable_path/Frameworks",
				);
				PRODUCT_BUNDLE_IDENTIFIER = com.akberovapps.OldAppStore;
				PRODUCT_NAME = "$(TARGET_NAME)";
				SWIFT_VERSION = 4.0;
				TARGETED_DEVICE_FAMILY = "1,2";
			};
			name = Release;
		};
/* End XCBuildConfiguration section */

/* Begin XCConfigurationList section */
		87DC22D9209A1D44007D33FB /* Build configuration list for PBXProject "OldAppStore" */ = {
			isa = XCConfigurationList;
			buildConfigurations = (
				87DC22EE209A1D47007D33FB /* Debug */,
				87DC22EF209A1D47007D33FB /* Release */,
			);
			defaultConfigurationIsVisible = 0;
			defaultConfigurationName = Release;
		};
		87DC22F0209A1D47007D33FB /* Build configuration list for PBXNativeTarget "OldAppStore" */ = {
			isa = XCConfigurationList;
			buildConfigurations = (
				87DC22F1209A1D47007D33FB /* Debug */,
				87DC22F2209A1D47007D33FB /* Release */,
			);
			defaultConfigurationIsVisible = 0;
			defaultConfigurationName = Release;
		};
/* End XCConfigurationList section */
	};
	rootObject = 87DC22D6209A1D44007D33FB /* Project object */;
}
